
Microsoft Visual Studio Solution File, Format Version 12.00
# Visual Studio Version 17
VisualStudioVersion = 17.8.34330.188
MinimumVisualStudioVersion = 10.0.40219.1
Project("{FAE04EC0-301F-11D3-BF4B-00C04F79EFBC}") = "EntityFramework-DbFirst-WPF-App", "EntityFramework-DbFirst-WPF-App\EntityFramework-DbFirst-WPF-App.csproj", "{6E688CCA-D068-47AD-A77F-DDC3C489BF4A}"
EndProject
Project("{FAE04EC0-301F-11D3-BF4B-00C04F79EFBC}") = "DbFirst-Logic-Library", "DbFirst-Logic-Library\DbFirst-Logic-Library.csproj", "{3A9E7FA3-7AEE-4D09-8219-9FDE16669D13}"
EndProject
Global
	GlobalSection(SolutionConfigurationPlatforms) = preSolution
		Debug|Any CPU = Debug|Any CPU
		Release|Any CPU = Release|Any CPU
	EndGlobalSection
	GlobalSection(ProjectConfigurationPlatforms) = postSolution
		{6E688CCA-D068-47AD-A77F-DDC3C489BF4A}.Debug|Any CPU.ActiveCfg = Debug|Any CPU
		{6E688CCA-D068-47AD-A77F-DDC3C489BF4A}.Debug|Any CPU.Build.0 = Debug|Any CPU
		{6E688CCA-D068-47AD-A77F-DDC3C489BF4A}.Release|Any CPU.ActiveCfg = Release|Any CPU
		{6E688CCA-D068-47AD-A77F-DDC3C489BF4A}.Release|Any CPU.Build.0 = Release|Any CPU
		{3A9E7FA3-7AEE-4D09-8219-9FDE16669D13}.Debug|Any CPU.ActiveCfg = Debug|Any CPU
		{3A9E7FA3-7AEE-4D09-8219-9FDE16669D13}.Debug|Any CPU.Build.0 = Debug|Any CPU
		{3A9E7FA3-7AEE-4D09-8219-9FDE16669D13}.Release|Any CPU.ActiveCfg = Release|Any CPU
		{3A9E7FA3-7AEE-4D09-8219-9FDE16669D13}.Release|Any CPU.Build.0 = Release|Any CPU
	EndGlobalSection
	GlobalSection(SolutionProperties) = preSolution
		HideSolutionNode = FALSE
	EndGlobalSection
	GlobalSection(ExtensibilityGlobals) = postSolution
		SolutionGuid = {872BE7F8-8609-450C-80F8-305137AA4BEE}
	EndGlobalSection
EndGlobal
